
Microsoft Visual Studio Solution File, Format Version 12.00
# Visual Studio Version 17
VisualStudioVersion = 17.9.34902.65
MinimumVisualStudioVersion = 10.0.40219.1
Project("{FAE04EC0-301F-11D3-BF4B-00C04F79EFBC}") = "TareasMVC", "TareasMVC\TareasMVC.csproj", "{32C79A2E-2122-4789-899E-4B4868F67290}"
EndProject
Global
	GlobalSection(SolutionConfigurationPlatforms) = preSolution
		Debug|Any CPU = Debug|Any CPU
		Release|Any CPU = Release|Any CPU
	EndGlobalSection
	GlobalSection(ProjectConfigurationPlatforms) = postSolution
		{32C79A2E-2122-4789-899E-4B4868F67290}.Debug|Any CPU.ActiveCfg = Debug|Any CPU
		{32C79A2E-2122-4789-899E-4B4868F67290}.Debug|Any CPU.Build.0 = Debug|Any CPU
		{32C79A2E-2122-4789-899E-4B4868F67290}.Release|Any CPU.ActiveCfg = Release|Any CPU
		{32C79A2E-2122-4789-899E-4B4868F67290}.Release|Any CPU.Build.0 = Release|Any CPU
	EndGlobalSection
	GlobalSection(SolutionProperties) = preSolution
		HideSolutionNode = FALSE
	EndGlobalSection
	GlobalSection(ExtensibilityGlobals) = postSolution
		SolutionGuid = {1F1B35DB-39BB-4353-B004-EE4B527E377B}
	EndGlobalSection
EndGlobal
